
Microsoft Visual Studio Solution File, Format Version 12.00
# Visual Studio 15
VisualStudioVersion = 15.0.27703.2000
MinimumVisualStudioVersion = 10.0.40219.1
Project("{FAE04EC0-301F-11D3-BF4B-00C04F79EFBC}") = "Wisconsin511", "Wisconsin511\Wisconsin511.csproj", "{21A3F368-C38C-4D7A-9E78-82E6A0F528BE}"
EndProject
Project("{FAE04EC0-301F-11D3-BF4B-00C04F79EFBC}") = "Wisconsin511.Tests", "Wisconsin511.Tests\Wisconsin511.Tests.csproj", "{A62F06E1-BE14-4377-BD34-7A99F33DC8B2}"
EndProject
Project("{FAE04EC0-301F-11D3-BF4B-00C04F79EFBC}") = "Wisconsin511.Mobile.Android", "Wisconsin511.Mobile\Wisconsin511.Mobile.Android\Wisconsin511.Mobile.Android.csproj", "{131E14F0-7F6F-4583-B72E-556377650870}"
EndProject
Project("{FAE04EC0-301F-11D3-BF4B-00C04F79EFBC}") = "Wisconsin511.Mobile.iOS", "Wisconsin511.Mobile\Wisconsin511.Mobile.iOS\Wisconsin511.Mobile.iOS.csproj", "{CF052693-54E3-4947-9154-F0BEC370EC38}"
EndProject
Project("{FAE04EC0-301F-11D3-BF4B-00C04F79EFBC}") = "Wisconsin511.Mobile.UWP", "Wisconsin511.Mobile\Wisconsin511.Mobile.UWP\Wisconsin511.Mobile.UWP.csproj", "{47B392D6-5E03-4EC3-B9D4-FCC2F616F7AB}"
EndProject
Project("{FAE04EC0-301F-11D3-BF4B-00C04F79EFBC}") = "Wisconsin511.Mobile", "Wisconsin511.Mobile\Wisconsin511.Mobile\Wisconsin511.Mobile.csproj", "{9649262A-C364-436F-820F-0F8605F2927F}"
EndProject
Project("{FAE04EC0-301F-11D3-BF4B-00C04F79EFBC}") = "Mobile.Common", "Mobile.Common\Mobile.Common.csproj", "{55D1BA3F-D919-4D80-A293-A3C8ED279838}"
EndProject
Project("{FAE04EC0-301F-11D3-BF4B-00C04F79EFBC}") = "Wisconsin511.App", "Wisconsin511.App\Wisconsin511.App.csproj", "{99E7325B-2AF9-472C-BB35-BAFEE4B60C59}"
EndProject
Global
	GlobalSection(SolutionConfigurationPlatforms) = preSolution
		Ad-Hoc|Any CPU = Ad-Hoc|Any CPU
		Ad-Hoc|ARM = Ad-Hoc|ARM
		Ad-Hoc|iPhone = Ad-Hoc|iPhone
		Ad-Hoc|iPhoneSimulator = Ad-Hoc|iPhoneSimulator
		Ad-Hoc|x64 = Ad-Hoc|x64
		Ad-Hoc|x86 = Ad-Hoc|x86
		AppStore|Any CPU = AppStore|Any CPU
		AppStore|ARM = AppStore|ARM
		AppStore|iPhone = AppStore|iPhone
		AppStore|iPhoneSimulator = AppStore|iPhoneSimulator
		AppStore|x64 = AppStore|x64
		AppStore|x86 = AppStore|x86
		Debug|Any CPU = Debug|Any CPU
		Debug|ARM = Debug|ARM
		Debug|iPhone = Debug|iPhone
		Debug|iPhoneSimulator = Debug|iPhoneSimulator
		Debug|x64 = Debug|x64
		Debug|x86 = Debug|x86
		Release|Any CPU = Release|Any CPU
		Release|ARM = Release|ARM
		Release|iPhone = Release|iPhone
		Release|iPhoneSimulator = Release|iPhoneSimulator
		Release|x64 = Release|x64
		Release|x86 = Release|x86
	EndGlobalSection
	GlobalSection(ProjectConfigurationPlatforms) = postSolution
		{21A3F368-C38C-4D7A-9E78-82E6A0F528BE}.Ad-Hoc|Any CPU.ActiveCfg = Debug|Any CPU
		{21A3F368-C38C-4D7A-9E78-82E6A0F528BE}.Ad-Hoc|Any CPU.Build.0 = Debug|Any CPU
		{21A3F368-C38C-4D7A-9E78-82E6A0F528BE}.Ad-Hoc|ARM.ActiveCfg = Debug|Any CPU
		{21A3F368-C38C-4D7A-9E78-82E6A0F528BE}.Ad-Hoc|ARM.Build.0 = Debug|Any CPU
		{21A3F368-C38C-4D7A-9E78-82E6A0F528BE}.Ad-Hoc|iPhone.ActiveCfg = Debug|Any CPU
		{21A3F368-C38C-4D7A-9E78-82E6A0F528BE}.Ad-Hoc|iPhone.Build.0 = Debug|Any CPU
		{21A3F368-C38C-4D7A-9E78-82E6A0F528BE}.Ad-Hoc|iPhoneSimulator.ActiveCfg = Debug|Any CPU
		{21A3F368-C38C-4D7A-9E78-82E6A0F528BE}.Ad-Hoc|iPhoneSimulator.Build.0 = Debug|Any CPU
		{21A3F368-C38C-4D7A-9E78-82E6A0F528BE}.Ad-Hoc|x64.ActiveCfg = Debug|Any CPU
		{21A3F368-C38C-4D7A-9E78-82E6A0F528BE}.Ad-Hoc|x64.Build.0 = Debug|Any CPU
		{21A3F368-C38C-4D7A-9E78-82E6A0F528BE}.Ad-Hoc|x86.ActiveCfg = Debug|Any CPU
		{21A3F368-C38C-4D7A-9E78-82E6A0F528BE}.Ad-Hoc|x86.Build.0 = Debug|Any CPU
		{21A3F368-C38C-4D7A-9E78-82E6A0F528BE}.AppStore|Any CPU.ActiveCfg = Debug|Any CPU
		{21A3F368-C38C-4D7A-9E78-82E6A0F528BE}.AppStore|Any CPU.Build.0 = Debug|Any CPU
		{21A3F368-C38C-4D7A-9E78-82E6A0F528BE}.AppStore|ARM.ActiveCfg = Debug|Any CPU
		{21A3F368-C38C-4D7A-9E78-82E6A0F528BE}.AppStore|ARM.Build.0 = Debug|Any CPU
		{21A3F368-C38C-4D7A-9E78-82E6A0F528BE}.AppStore|iPhone.ActiveCfg = Debug|Any CPU
		{21A3F368-C38C-4D7A-9E78-82E6A0F528BE}.AppStore|iPhone.Build.0 = Debug|Any CPU
		{21A3F368-C38C-4D7A-9E78-82E6A0F528BE}.AppStore|iPhoneSimulator.ActiveCfg = Debug|Any CPU
		{21A3F368-C38C-4D7A-9E78-82E6A0F528BE}.AppStore|iPhoneSimulator.Build.0 = Debug|Any CPU
		{21A3F368-C38C-4D7A-9E78-82E6A0F528BE}.AppStore|x64.ActiveCfg = Debug|Any CPU
		{21A3F368-C38C-4D7A-9E78-82E6A0F528BE}.AppStore|x64.Build.0 = Debug|Any CPU
		{21A3F368-C38C-4D7A-9E78-82E6A0F528BE}.AppStore|x86.ActiveCfg = Debug|Any CPU
		{21A3F368-C38C-4D7A-9E78-82E6A0F528BE}.AppStore|x86.Build.0 = Debug|Any CPU
		{21A3F368-C38C-4D7A-9E78-82E6A0F528BE}.Debug|Any CPU.ActiveCfg = Debug|Any CPU
		{21A3F368-C38C-4D7A-9E78-82E6A0F528BE}.Debug|Any CPU.Build.0 = Debug|Any CPU
		{21A3F368-C38C-4D7A-9E78-82E6A0F528BE}.Debug|ARM.ActiveCfg = Debug|Any CPU
		{21A3F368-C38C-4D7A-9E78-82E6A0F528BE}.Debug|ARM.Build.0 = Debug|Any CPU
		{21A3F368-C38C-4D7A-9E78-82E6A0F528BE}.Debug|iPhone.ActiveCfg = Debug|Any CPU
		{21A3F368-C38C-4D7A-9E78-82E6A0F528BE}.Debug|iPhone.Build.0 = Debug|Any CPU
		{21A3F368-C38C-4D7A-9E78-82E6A0F528BE}.Debug|iPhoneSimulator.ActiveCfg = Debug|Any CPU
		{21A3F368-C38C-4D7A-9E78-82E6A0F528BE}.Debug|iPhoneSimulator.Build.0 = Debug|Any CPU
		{21A3F368-C38C-4D7A-9E78-82E6A0F528BE}.Debug|x64.ActiveCfg = Debug|Any CPU
		{21A3F368-C38C-4D7A-9E78-82E6A0F528BE}.Debug|x64.Build.0 = Debug|Any CPU
		{21A3F368-C38C-4D7A-9E78-82E6A0F528BE}.Debug|x86.ActiveCfg = Debug|Any CPU
		{21A3F368-C38C-4D7A-9E78-82E6A0F528BE}.Debug|x86.Build.0 = Debug|Any CPU
		{21A3F368-C38C-4D7A-9E78-82E6A0F528BE}.Release|Any CPU.ActiveCfg = Release|Any CPU
		{21A3F368-C38C-4D7A-9E78-82E6A0F528BE}.Release|Any CPU.Build.0 = Release|Any CPU
		{21A3F368-C38C-4D7A-9E78-82E6A0F528BE}.Release|ARM.ActiveCfg = Release|Any CPU
		{21A3F368-C38C-4D7A-9E78-82E6A0F528BE}.Release|ARM.Build.0 = Release|Any CPU
		{21A3F368-C38C-4D7A-9E78-82E6A0F528BE}.Release|iPhone.ActiveCfg = Release|Any CPU
		{21A3F368-C38C-4D7A-9E78-82E6A0F528BE}.Release|iPhone.Build.0 = Release|Any CPU
		{21A3F368-C38C-4D7A-9E78-82E6A0F528BE}.Release|iPhoneSimulator.ActiveCfg = Release|Any CPU
		{21A3F368-C38C-4D7A-9E78-82E6A0F528BE}.Release|iPhoneSimulator.Build.0 = Release|Any CPU
		{21A3F368-C38C-4D7A-9E78-82E6A0F528BE}.Release|x64.ActiveCfg = Release|Any CPU
		{21A3F368-C38C-4D7A-9E78-82E6A0F528BE}.Release|x64.Build.0 = Release|Any CPU
		{21A3F368-C38C-4D7A-9E78-82E6A0F528BE}.Release|x86.ActiveCfg = Release|Any CPU
		{21A3F368-C38C-4D7A-9E78-82E6A0F528BE}.Release|x86.Build.0 = Release|Any CPU
		{A62F06E1-BE14-4377-BD34-7A99F33DC8B2}.Ad-Hoc|Any CPU.ActiveCfg = Release|Any CPU
		{A62F06E1-BE14-4377-BD34-7A99F33DC8B2}.Ad-Hoc|Any CPU.Build.0 = Release|Any CPU
		{A62F06E1-BE14-4377-BD34-7A99F33DC8B2}.Ad-Hoc|ARM.ActiveCfg = Release|Any CPU
		{A62F06E1-BE14-4377-BD34-7A99F33DC8B2}.Ad-Hoc|ARM.Build.0 = Release|Any CPU
		{A62F06E1-BE14-4377-BD34-7A99F33DC8B2}.Ad-Hoc|iPhone.ActiveCfg = Release|Any CPU
		{A62F06E1-BE14-4377-BD34-7A99F33DC8B2}.Ad-Hoc|iPhone.Build.0 = Release|Any CPU
		{A62F06E1-BE14-4377-BD34-7A99F33DC8B2}.Ad-Hoc|iPhoneSimulator.ActiveCfg = Release|Any CPU
		{A62F06E1-BE14-4377-BD34-7A99F33DC8B2}.Ad-Hoc|iPhoneSimulator.Build.0 = Release|Any CPU
		{A62F06E1-BE14-4377-BD34-7A99F33DC8B2}.Ad-Hoc|x64.ActiveCfg = Release|Any CPU
		{A62F06E1-BE14-4377-BD34-7A99F33DC8B2}.Ad-Hoc|x64.Build.0 = Release|Any CPU
		{A62F06E1-BE14-4377-BD34-7A99F33DC8B2}.Ad-Hoc|x86.ActiveCfg = Release|Any CPU
		{A62F06E1-BE14-4377-BD34-7A99F33DC8B2}.Ad-Hoc|x86.Build.0 = Release|Any CPU
		{A62F06E1-BE14-4377-BD34-7A99F33DC8B2}.AppStore|Any CPU.ActiveCfg = Release|Any CPU
		{A62F06E1-BE14-4377-BD34-7A99F33DC8B2}.AppStore|Any CPU.Build.0 = Release|Any CPU
		{A62F06E1-BE14-4377-BD34-7A99F33DC8B2}.AppStore|ARM.ActiveCfg = Release|Any CPU
		{A62F06E1-BE14-4377-BD34-7A99F33DC8B2}.AppStore|ARM.Build.0 = Release|Any CPU
		{A62F06E1-BE14-4377-BD34-7A99F33DC8B2}.AppStore|iPhone.ActiveCfg = Release|Any CPU
		{A62F06E1-BE14-4377-BD34-7A99F33DC8B2}.AppStore|iPhone.Build.0 = Release|Any CPU
		{A62F06E1-BE14-4377-BD34-7A99F33DC8B2}.AppStore|iPhoneSimulator.ActiveCfg = Release|Any CPU
		{A62F06E1-BE14-4377-BD34-7A99F33DC8B2}.AppStore|iPhoneSimulator.Build.0 = Release|Any CPU
		{A62F06E1-BE14-4377-BD34-7A99F33DC8B2}.AppStore|x64.ActiveCfg = Release|Any CPU
		{A62F06E1-BE14-4377-BD34-7A99F33DC8B2}.AppStore|x64.Build.0 = Release|Any CPU
		{A62F06E1-BE14-4377-BD34-7A99F33DC8B2}.AppStore|x86.ActiveCfg = Release|Any CPU
		{A62F06E1-BE14-4377-BD34-7A99F33DC8B2}.AppStore|x86.Build.0 = Release|Any CPU
		{A62F06E1-BE14-4377-BD34-7A99F33DC8B2}.Debug|Any CPU.ActiveCfg = Debug|Any CPU
		{A62F06E1-BE14-4377-BD34-7A99F33DC8B2}.Debug|Any CPU.Build.0 = Debug|Any CPU
		{A62F06E1-BE14-4377-BD34-7A99F33DC8B2}.Debug|ARM.ActiveCfg = Debug|Any CPU
		{A62F06E1-BE14-4377-BD34-7A99F33DC8B2}.Debug|ARM.Build.0 = Debug|Any CPU
		{A62F06E1-BE14-4377-BD34-7A99F33DC8B2}.Debug|iPhone.ActiveCfg = Debug|Any CPU
		{A62F06E1-BE14-4377-BD34-7A99F33DC8B2}.Debug|iPhone.Build.0 = Debug|Any CPU
		{A62F06E1-BE14-4377-BD34-7A99F33DC8B2}.Debug|iPhoneSimulator.ActiveCfg = Debug|Any CPU
		{A62F06E1-BE14-4377-BD34-7A99F33DC8B2}.Debug|iPhoneSimulator.Build.0 = Debug|Any CPU
		{A62F06E1-BE14-4377-BD34-7A99F33DC8B2}.Debug|x64.ActiveCfg = Debug|Any CPU
		{A62F06E1-BE14-4377-BD34-7A99F33DC8B2}.Debug|x64.Build.0 = Debug|Any CPU
		{A62F06E1-BE14-4377-BD34-7A99F33DC8B2}.Debug|x86.ActiveCfg = Debug|Any CPU
		{A62F06E1-BE14-4377-BD34-7A99F33DC8B2}.Debug|x86.Build.0 = Debug|Any CPU
		{A62F06E1-BE14-4377-BD34-7A99F33DC8B2}.Release|Any CPU.ActiveCfg = Release|Any CPU
		{A62F06E1-BE14-4377-BD34-7A99F33DC8B2}.Release|Any CPU.Build.0 = Release|Any CPU
		{A62F06E1-BE14-4377-BD34-7A99F33DC8B2}.Release|ARM.ActiveCfg = Release|Any CPU
		{A62F06E1-BE14-4377-BD34-7A99F33DC8B2}.Release|ARM.Build.0 = Release|Any CPU
		{A62F06E1-BE14-4377-BD34-7A99F33DC8B2}.Release|iPhone.ActiveCfg = Release|Any CPU
		{A62F06E1-BE14-4377-BD34-7A99F33DC8B2}.Release|iPhone.Build.0 = Release|Any CPU
		{A62F06E1-BE14-4377-BD34-7A99F33DC8B2}.Release|iPhoneSimulator.ActiveCfg = Release|Any CPU
		{A62F06E1-BE14-4377-BD34-7A99F33DC8B2}.Release|iPhoneSimulator.Build.0 = Release|Any CPU
		{A62F06E1-BE14-4377-BD34-7A99F33DC8B2}.Release|x64.ActiveCfg = Release|Any CPU
		{A62F06E1-BE14-4377-BD34-7A99F33DC8B2}.Release|x64.Build.0 = Release|Any CPU
		{A62F06E1-BE14-4377-BD34-7A99F33DC8B2}.Release|x86.ActiveCfg = Release|Any CPU
		{A62F06E1-BE14-4377-BD34-7A99F33DC8B2}.Release|x86.Build.0 = Release|Any CPU
		{131E14F0-7F6F-4583-B72E-556377650870}.Ad-Hoc|Any CPU.ActiveCfg = Release|Any CPU
		{131E14F0-7F6F-4583-B72E-556377650870}.Ad-Hoc|Any CPU.Build.0 = Release|Any CPU
		{131E14F0-7F6F-4583-B72E-556377650870}.Ad-Hoc|Any CPU.Deploy.0 = Release|Any CPU
		{131E14F0-7F6F-4583-B72E-556377650870}.Ad-Hoc|ARM.ActiveCfg = Release|Any CPU
		{131E14F0-7F6F-4583-B72E-556377650870}.Ad-Hoc|ARM.Build.0 = Release|Any CPU
		{131E14F0-7F6F-4583-B72E-556377650870}.Ad-Hoc|ARM.Deploy.0 = Release|Any CPU
		{131E14F0-7F6F-4583-B72E-556377650870}.Ad-Hoc|iPhone.ActiveCfg = Release|Any CPU
		{131E14F0-7F6F-4583-B72E-556377650870}.Ad-Hoc|iPhone.Build.0 = Release|Any CPU
		{131E14F0-7F6F-4583-B72E-556377650870}.Ad-Hoc|iPhone.Deploy.0 = Release|Any CPU
		{131E14F0-7F6F-4583-B72E-556377650870}.Ad-Hoc|iPhoneSimulator.ActiveCfg = Release|Any CPU
		{131E14F0-7F6F-4583-B72E-556377650870}.Ad-Hoc|iPhoneSimulator.Build.0 = Release|Any CPU
		{131E14F0-7F6F-4583-B72E-556377650870}.Ad-Hoc|iPhoneSimulator.Deploy.0 = Release|Any CPU
		{131E14F0-7F6F-4583-B72E-556377650870}.Ad-Hoc|x64.ActiveCfg = Release|Any CPU
		{131E14F0-7F6F-4583-B72E-556377650870}.Ad-Hoc|x64.Build.0 = Release|Any CPU
		{131E14F0-7F6F-4583-B72E-556377650870}.Ad-Hoc|x64.Deploy.0 = Release|Any CPU
		{131E14F0-7F6F-4583-B72E-556377650870}.Ad-Hoc|x86.ActiveCfg = Release|Any CPU
		{131E14F0-7F6F-4583-B72E-556377650870}.Ad-Hoc|x86.Build.0 = Release|Any CPU
		{131E14F0-7F6F-4583-B72E-556377650870}.Ad-Hoc|x86.Deploy.0 = Release|Any CPU
		{131E14F0-7F6F-4583-B72E-556377650870}.AppStore|Any CPU.ActiveCfg = Release|Any CPU
		{131E14F0-7F6F-4583-B72E-556377650870}.AppStore|Any CPU.Build.0 = Release|Any CPU
		{131E14F0-7F6F-4583-B72E-556377650870}.AppStore|Any CPU.Deploy.0 = Release|Any CPU
		{131E14F0-7F6F-4583-B72E-556377650870}.AppStore|ARM.ActiveCfg = Release|Any CPU
		{131E14F0-7F6F-4583-B72E-556377650870}.AppStore|ARM.Build.0 = Release|Any CPU
		{131E14F0-7F6F-4583-B72E-556377650870}.AppStore|ARM.Deploy.0 = Release|Any CPU
		{131E14F0-7F6F-4583-B72E-556377650870}.AppStore|iPhone.ActiveCfg = Release|Any CPU
		{131E14F0-7F6F-4583-B72E-556377650870}.AppStore|iPhone.Build.0 = Release|Any CPU
		{131E14F0-7F6F-4583-B72E-556377650870}.AppStore|iPhone.Deploy.0 = Release|Any CPU
		{131E14F0-7F6F-4583-B72E-556377650870}.AppStore|iPhoneSimulator.ActiveCfg = Release|Any CPU
		{131E14F0-7F6F-4583-B72E-556377650870}.AppStore|iPhoneSimulator.Build.0 = Release|Any CPU
		{131E14F0-7F6F-4583-B72E-556377650870}.AppStore|iPhoneSimulator.Deploy.0 = Release|Any CPU
		{131E14F0-7F6F-4583-B72E-556377650870}.AppStore|x64.ActiveCfg = Release|Any CPU
		{131E14F0-7F6F-4583-B72E-556377650870}.AppStore|x64.Build.0 = Release|Any CPU
		{131E14F0-7F6F-4583-B72E-556377650870}.AppStore|x64.Deploy.0 = Release|Any CPU
		{131E14F0-7F6F-4583-B72E-556377650870}.AppStore|x86.ActiveCfg = Release|Any CPU
		{131E14F0-7F6F-4583-B72E-556377650870}.AppStore|x86.Build.0 = Release|Any CPU
		{131E14F0-7F6F-4583-B72E-556377650870}.AppStore|x86.Deploy.0 = Release|Any CPU
		{131E14F0-7F6F-4583-B72E-556377650870}.Debug|Any CPU.ActiveCfg = Debug|Any CPU
		{131E14F0-7F6F-4583-B72E-556377650870}.Debug|Any CPU.Build.0 = Debug|Any CPU
		{131E14F0-7F6F-4583-B72E-556377650870}.Debug|Any CPU.Deploy.0 = Debug|Any CPU
		{131E14F0-7F6F-4583-B72E-556377650870}.Debug|ARM.ActiveCfg = Debug|Any CPU
		{131E14F0-7F6F-4583-B72E-556377650870}.Debug|ARM.Build.0 = Debug|Any CPU
		{131E14F0-7F6F-4583-B72E-556377650870}.Debug|ARM.Deploy.0 = Debug|Any CPU
		{131E14F0-7F6F-4583-B72E-556377650870}.Debug|iPhone.ActiveCfg = Debug|Any CPU
		{131E14F0-7F6F-4583-B72E-556377650870}.Debug|iPhone.Build.0 = Debug|Any CPU
		{131E14F0-7F6F-4583-B72E-556377650870}.Debug|iPhone.Deploy.0 = Debug|Any CPU
		{131E14F0-7F6F-4583-B72E-556377650870}.Debug|iPhoneSimulator.ActiveCfg = Debug|Any CPU
		{131E14F0-7F6F-4583-B72E-556377650870}.Debug|iPhoneSimulator.Build.0 = Debug|Any CPU
		{131E14F0-7F6F-4583-B72E-556377650870}.Debug|iPhoneSimulator.Deploy.0 = Debug|Any CPU
		{131E14F0-7F6F-4583-B72E-556377650870}.Debug|x64.ActiveCfg = Debug|Any CPU
		{131E14F0-7F6F-4583-B72E-556377650870}.Debug|x64.Build.0 = Debug|Any CPU
		{131E14F0-7F6F-4583-B72E-556377650870}.Debug|x64.Deploy.0 = Debug|Any CPU
		{131E14F0-7F6F-4583-B72E-556377650870}.Debug|x86.ActiveCfg = Debug|Any CPU
		{131E14F0-7F6F-4583-B72E-556377650870}.Debug|x86.Build.0 = Debug|Any CPU
		{131E14F0-7F6F-4583-B72E-556377650870}.Debug|x86.Deploy.0 = Debug|Any CPU
		{131E14F0-7F6F-4583-B72E-556377650870}.Release|Any CPU.ActiveCfg = Release|Any CPU
		{131E14F0-7F6F-4583-B72E-556377650870}.Release|Any CPU.Build.0 = Release|Any CPU
		{131E14F0-7F6F-4583-B72E-556377650870}.Release|Any CPU.Deploy.0 = Release|Any CPU
		{131E14F0-7F6F-4583-B72E-556377650870}.Release|ARM.ActiveCfg = Release|Any CPU
		{131E14F0-7F6F-4583-B72E-556377650870}.Release|ARM.Build.0 = Release|Any CPU
		{131E14F0-7F6F-4583-B72E-556377650870}.Release|ARM.Deploy.0 = Release|Any CPU
		{131E14F0-7F6F-4583-B72E-556377650870}.Release|iPhone.ActiveCfg = Release|Any CPU
		{131E14F0-7F6F-4583-B72E-556377650870}.Release|iPhone.Build.0 = Release|Any CPU
		{131E14F0-7F6F-4583-B72E-556377650870}.Release|iPhone.Deploy.0 = Release|Any CPU
		{131E14F0-7F6F-4583-B72E-556377650870}.Release|iPhoneSimulator.ActiveCfg = Release|Any CPU
		{131E14F0-7F6F-4583-B72E-556377650870}.Release|iPhoneSimulator.Build.0 = Release|Any CPU
		{131E14F0-7F6F-4583-B72E-556377650870}.Release|iPhoneSimulator.Deploy.0 = Release|Any CPU
		{131E14F0-7F6F-4583-B72E-556377650870}.Release|x64.ActiveCfg = Release|Any CPU
		{131E14F0-7F6F-4583-B72E-556377650870}.Release|x64.Build.0 = Release|Any CPU
		{131E14F0-7F6F-4583-B72E-556377650870}.Release|x64.Deploy.0 = Release|Any CPU
		{131E14F0-7F6F-4583-B72E-556377650870}.Release|x86.ActiveCfg = Release|Any CPU
		{131E14F0-7F6F-4583-B72E-556377650870}.Release|x86.Build.0 = Release|Any CPU
		{131E14F0-7F6F-4583-B72E-556377650870}.Release|x86.Deploy.0 = Release|Any CPU
		{CF052693-54E3-4947-9154-F0BEC370EC38}.Ad-Hoc|Any CPU.ActiveCfg = Ad-Hoc|iPhone
		{CF052693-54E3-4947-9154-F0BEC370EC38}.Ad-Hoc|ARM.ActiveCfg = Ad-Hoc|iPhone
		{CF052693-54E3-4947-9154-F0BEC370EC38}.Ad-Hoc|iPhone.ActiveCfg = Ad-Hoc|iPhone
		{CF052693-54E3-4947-9154-F0BEC370EC38}.Ad-Hoc|iPhone.Build.0 = Ad-Hoc|iPhone
		{CF052693-54E3-4947-9154-F0BEC370EC38}.Ad-Hoc|iPhoneSimulator.ActiveCfg = Ad-Hoc|iPhoneSimulator
		{CF052693-54E3-4947-9154-F0BEC370EC38}.Ad-Hoc|iPhoneSimulator.Build.0 = Ad-Hoc|iPhoneSimulator
		{CF052693-54E3-4947-9154-F0BEC370EC38}.Ad-Hoc|x64.ActiveCfg = Ad-Hoc|iPhone
		{CF052693-54E3-4947-9154-F0BEC370EC38}.Ad-Hoc|x86.ActiveCfg = Ad-Hoc|iPhone
		{CF052693-54E3-4947-9154-F0BEC370EC38}.AppStore|Any CPU.ActiveCfg = AppStore|iPhone
		{CF052693-54E3-4947-9154-F0BEC370EC38}.AppStore|ARM.ActiveCfg = AppStore|iPhone
		{CF052693-54E3-4947-9154-F0BEC370EC38}.AppStore|iPhone.ActiveCfg = AppStore|iPhone
		{CF052693-54E3-4947-9154-F0BEC370EC38}.AppStore|iPhone.Build.0 = AppStore|iPhone
		{CF052693-54E3-4947-9154-F0BEC370EC38}.AppStore|iPhoneSimulator.ActiveCfg = AppStore|iPhoneSimulator
		{CF052693-54E3-4947-9154-F0BEC370EC38}.AppStore|iPhoneSimulator.Build.0 = AppStore|iPhoneSimulator
		{CF052693-54E3-4947-9154-F0BEC370EC38}.AppStore|x64.ActiveCfg = AppStore|iPhone
		{CF052693-54E3-4947-9154-F0BEC370EC38}.AppStore|x86.ActiveCfg = AppStore|iPhone
		{CF052693-54E3-4947-9154-F0BEC370EC38}.Debug|Any CPU.ActiveCfg = Debug|iPhone
		{CF052693-54E3-4947-9154-F0BEC370EC38}.Debug|ARM.ActiveCfg = Debug|iPhone
		{CF052693-54E3-4947-9154-F0BEC370EC38}.Debug|iPhone.ActiveCfg = Debug|iPhone
		{CF052693-54E3-4947-9154-F0BEC370EC38}.Debug|iPhone.Build.0 = Debug|iPhone
		{CF052693-54E3-4947-9154-F0BEC370EC38}.Debug|iPhoneSimulator.ActiveCfg = Debug|iPhoneSimulator
		{CF052693-54E3-4947-9154-F0BEC370EC38}.Debug|iPhoneSimulator.Build.0 = Debug|iPhoneSimulator
		{CF052693-54E3-4947-9154-F0BEC370EC38}.Debug|x64.ActiveCfg = Debug|iPhone
		{CF052693-54E3-4947-9154-F0BEC370EC38}.Debug|x86.ActiveCfg = Debug|iPhone
		{CF052693-54E3-4947-9154-F0BEC370EC38}.Release|Any CPU.ActiveCfg = Release|iPhone
		{CF052693-54E3-4947-9154-F0BEC370EC38}.Release|ARM.ActiveCfg = Release|iPhone
		{CF052693-54E3-4947-9154-F0BEC370EC38}.Release|iPhone.ActiveCfg = Release|iPhone
		{CF052693-54E3-4947-9154-F0BEC370EC38}.Release|iPhone.Build.0 = Release|iPhone
		{CF052693-54E3-4947-9154-F0BEC370EC38}.Release|iPhoneSimulator.ActiveCfg = Release|iPhoneSimulator
		{CF052693-54E3-4947-9154-F0BEC370EC38}.Release|iPhoneSimulator.Build.0 = Release|iPhoneSimulator
		{CF052693-54E3-4947-9154-F0BEC370EC38}.Release|x64.ActiveCfg = Release|iPhone
		{CF052693-54E3-4947-9154-F0BEC370EC38}.Release|x86.ActiveCfg = Release|iPhone
		{47B392D6-5E03-4EC3-B9D4-FCC2F616F7AB}.Ad-Hoc|Any CPU.ActiveCfg = Release|x86
		{47B392D6-5E03-4EC3-B9D4-FCC2F616F7AB}.Ad-Hoc|Any CPU.Build.0 = Release|x86
		{47B392D6-5E03-4EC3-B9D4-FCC2F616F7AB}.Ad-Hoc|Any CPU.Deploy.0 = Release|x86
		{47B392D6-5E03-4EC3-B9D4-FCC2F616F7AB}.Ad-Hoc|ARM.ActiveCfg = Release|ARM
		{47B392D6-5E03-4EC3-B9D4-FCC2F616F7AB}.Ad-Hoc|ARM.Build.0 = Release|ARM
		{47B392D6-5E03-4EC3-B9D4-FCC2F616F7AB}.Ad-Hoc|ARM.Deploy.0 = Release|ARM
		{47B392D6-5E03-4EC3-B9D4-FCC2F616F7AB}.Ad-Hoc|iPhone.ActiveCfg = Release|x86
		{47B392D6-5E03-4EC3-B9D4-FCC2F616F7AB}.Ad-Hoc|iPhone.Build.0 = Release|x86
		{47B392D6-5E03-4EC3-B9D4-FCC2F616F7AB}.Ad-Hoc|iPhone.Deploy.0 = Release|x86
		{47B392D6-5E03-4EC3-B9D4-FCC2F616F7AB}.Ad-Hoc|iPhoneSimulator.ActiveCfg = Release|x86
		{47B392D6-5E03-4EC3-B9D4-FCC2F616F7AB}.Ad-Hoc|iPhoneSimulator.Build.0 = Release|x86
		{47B392D6-5E03-4EC3-B9D4-FCC2F616F7AB}.Ad-Hoc|iPhoneSimulator.Deploy.0 = Release|x86
		{47B392D6-5E03-4EC3-B9D4-FCC2F616F7AB}.Ad-Hoc|x64.ActiveCfg = Release|x64
		{47B392D6-5E03-4EC3-B9D4-FCC2F616F7AB}.Ad-Hoc|x64.Build.0 = Release|x64
		{47B392D6-5E03-4EC3-B9D4-FCC2F616F7AB}.Ad-Hoc|x64.Deploy.0 = Release|x64
		{47B392D6-5E03-4EC3-B9D4-FCC2F616F7AB}.Ad-Hoc|x86.ActiveCfg = Release|x86
		{47B392D6-5E03-4EC3-B9D4-FCC2F616F7AB}.Ad-Hoc|x86.Build.0 = Release|x86
		{47B392D6-5E03-4EC3-B9D4-FCC2F616F7AB}.Ad-Hoc|x86.Deploy.0 = Release|x86
		{47B392D6-5E03-4EC3-B9D4-FCC2F616F7AB}.AppStore|Any CPU.ActiveCfg = Release|x86
		{47B392D6-5E03-4EC3-B9D4-FCC2F616F7AB}.AppStore|Any CPU.Build.0 = Release|x86
		{47B392D6-5E03-4EC3-B9D4-FCC2F616F7AB}.AppStore|Any CPU.Deploy.0 = Release|x86
		{47B392D6-5E03-4EC3-B9D4-FCC2F616F7AB}.AppStore|ARM.ActiveCfg = Release|ARM
		{47B392D6-5E03-4EC3-B9D4-FCC2F616F7AB}.AppStore|ARM.Build.0 = Release|ARM
		{47B392D6-5E03-4EC3-B9D4-FCC2F616F7AB}.AppStore|ARM.Deploy.0 = Release|ARM
		{47B392D6-5E03-4EC3-B9D4-FCC2F616F7AB}.AppStore|iPhone.ActiveCfg = Release|x86
		{47B392D6-5E03-4EC3-B9D4-FCC2F616F7AB}.AppStore|iPhone.Build.0 = Release|x86
		{47B392D6-5E03-4EC3-B9D4-FCC2F616F7AB}.AppStore|iPhone.Deploy.0 = Release|x86
		{47B392D6-5E03-4EC3-B9D4-FCC2F616F7AB}.AppStore|iPhoneSimulator.ActiveCfg = Release|x86
		{47B392D6-5E03-4EC3-B9D4-FCC2F616F7AB}.AppStore|iPhoneSimulator.Build.0 = Release|x86
		{47B392D6-5E03-4EC3-B9D4-FCC2F616F7AB}.AppStore|iPhoneSimulator.Deploy.0 = Release|x86
		{47B392D6-5E03-4EC3-B9D4-FCC2F616F7AB}.AppStore|x64.ActiveCfg = Release|x64
		{47B392D6-5E03-4EC3-B9D4-FCC2F616F7AB}.AppStore|x64.Build.0 = Release|x64
		{47B392D6-5E03-4EC3-B9D4-FCC2F616F7AB}.AppStore|x64.Deploy.0 = Release|x64
		{47B392D6-5E03-4EC3-B9D4-FCC2F616F7AB}.AppStore|x86.ActiveCfg = Release|x86
		{47B392D6-5E03-4EC3-B9D4-FCC2F616F7AB}.AppStore|x86.Build.0 = Release|x86
		{47B392D6-5E03-4EC3-B9D4-FCC2F616F7AB}.AppStore|x86.Deploy.0 = Release|x86
		{47B392D6-5E03-4EC3-B9D4-FCC2F616F7AB}.Debug|Any CPU.ActiveCfg = Debug|x86
		{47B392D6-5E03-4EC3-B9D4-FCC2F616F7AB}.Debug|ARM.ActiveCfg = Debug|ARM
		{47B392D6-5E03-4EC3-B9D4-FCC2F616F7AB}.Debug|ARM.Build.0 = Debug|ARM
		{47B392D6-5E03-4EC3-B9D4-FCC2F616F7AB}.Debug|ARM.Deploy.0 = Debug|ARM
		{47B392D6-5E03-4EC3-B9D4-FCC2F616F7AB}.Debug|iPhone.ActiveCfg = Debug|x86
		{47B392D6-5E03-4EC3-B9D4-FCC2F616F7AB}.Debug|iPhoneSimulator.ActiveCfg = Debug|x86
		{47B392D6-5E03-4EC3-B9D4-FCC2F616F7AB}.Debug|x64.ActiveCfg = Debug|x64
		{47B392D6-5E03-4EC3-B9D4-FCC2F616F7AB}.Debug|x64.Build.0 = Debug|x64
		{47B392D6-5E03-4EC3-B9D4-FCC2F616F7AB}.Debug|x64.Deploy.0 = Debug|x64
		{47B392D6-5E03-4EC3-B9D4-FCC2F616F7AB}.Debug|x86.ActiveCfg = Debug|x86
		{47B392D6-5E03-4EC3-B9D4-FCC2F616F7AB}.Debug|x86.Build.0 = Debug|x86
		{47B392D6-5E03-4EC3-B9D4-FCC2F616F7AB}.Debug|x86.Deploy.0 = Debug|x86
		{47B392D6-5E03-4EC3-B9D4-FCC2F616F7AB}.Release|Any CPU.ActiveCfg = Release|x86
		{47B392D6-5E03-4EC3-B9D4-FCC2F616F7AB}.Release|ARM.ActiveCfg = Release|ARM
		{47B392D6-5E03-4EC3-B9D4-FCC2F616F7AB}.Release|ARM.Build.0 = Release|ARM
		{47B392D6-5E03-4EC3-B9D4-FCC2F616F7AB}.Release|ARM.Deploy.0 = Release|ARM
		{47B392D6-5E03-4EC3-B9D4-FCC2F616F7AB}.Release|iPhone.ActiveCfg = Release|x86
		{47B392D6-5E03-4EC3-B9D4-FCC2F616F7AB}.Release|iPhoneSimulator.ActiveCfg = Release|x86
		{47B392D6-5E03-4EC3-B9D4-FCC2F616F7AB}.Release|x64.ActiveCfg = Release|x64
		{47B392D6-5E03-4EC3-B9D4-FCC2F616F7AB}.Release|x64.Build.0 = Release|x64
		{47B392D6-5E03-4EC3-B9D4-FCC2F616F7AB}.Release|x64.Deploy.0 = Release|x64
		{47B392D6-5E03-4EC3-B9D4-FCC2F616F7AB}.Release|x86.ActiveCfg = Release|x86
		{47B392D6-5E03-4EC3-B9D4-FCC2F616F7AB}.Release|x86.Build.0 = Release|x86
		{47B392D6-5E03-4EC3-B9D4-FCC2F616F7AB}.Release|x86.Deploy.0 = Release|x86
		{9649262A-C364-436F-820F-0F8605F2927F}.Ad-Hoc|Any CPU.ActiveCfg = Debug|Any CPU
		{9649262A-C364-436F-820F-0F8605F2927F}.Ad-Hoc|Any CPU.Build.0 = Debug|Any CPU
		{9649262A-C364-436F-820F-0F8605F2927F}.Ad-Hoc|ARM.ActiveCfg = Debug|Any CPU
		{9649262A-C364-436F-820F-0F8605F2927F}.Ad-Hoc|ARM.Build.0 = Debug|Any CPU
		{9649262A-C364-436F-820F-0F8605F2927F}.Ad-Hoc|iPhone.ActiveCfg = Debug|Any CPU
		{9649262A-C364-436F-820F-0F8605F2927F}.Ad-Hoc|iPhone.Build.0 = Debug|Any CPU
		{9649262A-C364-436F-820F-0F8605F2927F}.Ad-Hoc|iPhoneSimulator.ActiveCfg = Debug|Any CPU
		{9649262A-C364-436F-820F-0F8605F2927F}.Ad-Hoc|iPhoneSimulator.Build.0 = Debug|Any CPU
		{9649262A-C364-436F-820F-0F8605F2927F}.Ad-Hoc|x64.ActiveCfg = Debug|Any CPU
		{9649262A-C364-436F-820F-0F8605F2927F}.Ad-Hoc|x64.Build.0 = Debug|Any CPU
		{9649262A-C364-436F-820F-0F8605F2927F}.Ad-Hoc|x86.ActiveCfg = Debug|Any CPU
		{9649262A-C364-436F-820F-0F8605F2927F}.Ad-Hoc|x86.Build.0 = Debug|Any CPU
		{9649262A-C364-436F-820F-0F8605F2927F}.AppStore|Any CPU.ActiveCfg = Debug|Any CPU
		{9649262A-C364-436F-820F-0F8605F2927F}.AppStore|Any CPU.Build.0 = Debug|Any CPU
		{9649262A-C364-436F-820F-0F8605F2927F}.AppStore|ARM.ActiveCfg = Debug|Any CPU
		{9649262A-C364-436F-820F-0F8605F2927F}.AppStore|ARM.Build.0 = Debug|Any CPU
		{9649262A-C364-436F-820F-0F8605F2927F}.AppStore|iPhone.ActiveCfg = Debug|Any CPU
		{9649262A-C364-436F-820F-0F8605F2927F}.AppStore|iPhone.Build.0 = Debug|Any CPU
		{9649262A-C364-436F-820F-0F8605F2927F}.AppStore|iPhoneSimulator.ActiveCfg = Debug|Any CPU
		{9649262A-C364-436F-820F-0F8605F2927F}.AppStore|iPhoneSimulator.Build.0 = Debug|Any CPU
		{9649262A-C364-436F-820F-0F8605F2927F}.AppStore|x64.ActiveCfg = Debug|Any CPU
		{9649262A-C364-436F-820F-0F8605F2927F}.AppStore|x64.Build.0 = Debug|Any CPU
		{9649262A-C364-436F-820F-0F8605F2927F}.AppStore|x86.ActiveCfg = Debug|Any CPU
		{9649262A-C364-436F-820F-0F8605F2927F}.AppStore|x86.Build.0 = Debug|Any CPU
		{9649262A-C364-436F-820F-0F8605F2927F}.Debug|Any CPU.ActiveCfg = Debug|Any CPU
		{9649262A-C364-436F-820F-0F8605F2927F}.Debug|Any CPU.Build.0 = Debug|Any CPU
		{9649262A-C364-436F-820F-0F8605F2927F}.Debug|ARM.ActiveCfg = Debug|Any CPU
		{9649262A-C364-436F-820F-0F8605F2927F}.Debug|ARM.Build.0 = Debug|Any CPU
		{9649262A-C364-436F-820F-0F8605F2927F}.Debug|iPhone.ActiveCfg = Debug|Any CPU
		{9649262A-C364-436F-820F-0F8605F2927F}.Debug|iPhone.Build.0 = Debug|Any CPU
		{9649262A-C364-436F-820F-0F8605F2927F}.Debug|iPhoneSimulator.ActiveCfg = Debug|Any CPU
		{9649262A-C364-436F-820F-0F8605F2927F}.Debug|iPhoneSimulator.Build.0 = Debug|Any CPU
		{9649262A-C364-436F-820F-0F8605F2927F}.Debug|x64.ActiveCfg = Debug|Any CPU
		{9649262A-C364-436F-820F-0F8605F2927F}.Debug|x64.Build.0 = Debug|Any CPU
		{9649262A-C364-436F-820F-0F8605F2927F}.Debug|x86.ActiveCfg = Debug|Any CPU
		{9649262A-C364-436F-820F-0F8605F2927F}.Debug|x86.Build.0 = Debug|Any CPU
		{9649262A-C364-436F-820F-0F8605F2927F}.Release|Any CPU.ActiveCfg = Release|Any CPU
		{9649262A-C364-436F-820F-0F8605F2927F}.Release|Any CPU.Build.0 = Release|Any CPU
		{9649262A-C364-436F-820F-0F8605F2927F}.Release|ARM.ActiveCfg = Release|Any CPU
		{9649262A-C364-436F-820F-0F8605F2927F}.Release|ARM.Build.0 = Release|Any CPU
		{9649262A-C364-436F-820F-0F8605F2927F}.Release|iPhone.ActiveCfg = Release|Any CPU
		{9649262A-C364-436F-820F-0F8605F2927F}.Release|iPhone.Build.0 = Release|Any CPU
		{9649262A-C364-436F-820F-0F8605F2927F}.Release|iPhoneSimulator.ActiveCfg = Release|Any CPU
		{9649262A-C364-436F-820F-0F8605F2927F}.Release|iPhoneSimulator.Build.0 = Release|Any CPU
		{9649262A-C364-436F-820F-0F8605F2927F}.Release|x64.ActiveCfg = Release|Any CPU
		{9649262A-C364-436F-820F-0F8605F2927F}.Release|x64.Build.0 = Release|Any CPU
		{9649262A-C364-436F-820F-0F8605F2927F}.Release|x86.ActiveCfg = Release|Any CPU
		{9649262A-C364-436F-820F-0F8605F2927F}.Release|x86.Build.0 = Release|Any CPU
		{55D1BA3F-D919-4D80-A293-A3C8ED279838}.Ad-Hoc|Any CPU.ActiveCfg = Debug|Any CPU
		{55D1BA3F-D919-4D80-A293-A3C8ED279838}.Ad-Hoc|Any CPU.Build.0 = Debug|Any CPU
		{55D1BA3F-D919-4D80-A293-A3C8ED279838}.Ad-Hoc|ARM.ActiveCfg = Debug|Any CPU
		{55D1BA3F-D919-4D80-A293-A3C8ED279838}.Ad-Hoc|ARM.Build.0 = Debug|Any CPU
		{55D1BA3F-D919-4D80-A293-A3C8ED279838}.Ad-Hoc|iPhone.ActiveCfg = Debug|Any CPU
		{55D1BA3F-D919-4D80-A293-A3C8ED279838}.Ad-Hoc|iPhone.Build.0 = Debug|Any CPU
		{55D1BA3F-D919-4D80-A293-A3C8ED279838}.Ad-Hoc|iPhoneSimulator.ActiveCfg = Debug|Any CPU
		{55D1BA3F-D919-4D80-A293-A3C8ED279838}.Ad-Hoc|iPhoneSimulator.Build.0 = Debug|Any CPU
		{55D1BA3F-D919-4D80-A293-A3C8ED279838}.Ad-Hoc|x64.ActiveCfg = Debug|Any CPU
		{55D1BA3F-D919-4D80-A293-A3C8ED279838}.Ad-Hoc|x64.Build.0 = Debug|Any CPU
		{55D1BA3F-D919-4D80-A293-A3C8ED279838}.Ad-Hoc|x86.ActiveCfg = Debug|Any CPU
		{55D1BA3F-D919-4D80-A293-A3C8ED279838}.Ad-Hoc|x86.Build.0 = Debug|Any CPU
		{55D1BA3F-D919-4D80-A293-A3C8ED279838}.AppStore|Any CPU.ActiveCfg = Debug|Any CPU
		{55D1BA3F-D919-4D80-A293-A3C8ED279838}.AppStore|Any CPU.Build.0 = Debug|Any CPU
		{55D1BA3F-D919-4D80-A293-A3C8ED279838}.AppStore|ARM.ActiveCfg = Debug|Any CPU
		{55D1BA3F-D919-4D80-A293-A3C8ED279838}.AppStore|ARM.Build.0 = Debug|Any CPU
		{55D1BA3F-D919-4D80-A293-A3C8ED279838}.AppStore|iPhone.ActiveCfg = Debug|Any CPU
		{55D1BA3F-D919-4D80-A293-A3C8ED279838}.AppStore|iPhone.Build.0 = Debug|Any CPU
		{55D1BA3F-D919-4D80-A293-A3C8ED279838}.AppStore|iPhoneSimulator.ActiveCfg = Debug|Any CPU
		{55D1BA3F-D919-4D80-A293-A3C8ED279838}.AppStore|iPhoneSimulator.Build.0 = Debug|Any CPU
		{55D1BA3F-D919-4D80-A293-A3C8ED279838}.AppStore|x64.ActiveCfg = Debug|Any CPU
		{55D1BA3F-D919-4D80-A293-A3C8ED279838}.AppStore|x64.Build.0 = Debug|Any CPU
		{55D1BA3F-D919-4D80-A293-A3C8ED279838}.AppStore|x86.ActiveCfg = Debug|Any CPU
		{55D1BA3F-D919-4D80-A293-A3C8ED279838}.AppStore|x86.Build.0 = Debug|Any CPU
		{55D1BA3F-D919-4D80-A293-A3C8ED279838}.Debug|Any CPU.ActiveCfg = Debug|Any CPU
		{55D1BA3F-D919-4D80-A293-A3C8ED279838}.Debug|Any CPU.Build.0 = Debug|Any CPU
		{55D1BA3F-D919-4D80-A293-A3C8ED279838}.Debug|ARM.ActiveCfg = Debug|Any CPU
		{55D1BA3F-D919-4D80-A293-A3C8ED279838}.Debug|ARM.Build.0 = Debug|Any CPU
		{55D1BA3F-D919-4D80-A293-A3C8ED279838}.Debug|iPhone.ActiveCfg = Debug|Any CPU
		{55D1BA3F-D919-4D80-A293-A3C8ED279838}.Debug|iPhone.Build.0 = Debug|Any CPU
		{55D1BA3F-D919-4D80-A293-A3C8ED279838}.Debug|iPhoneSimulator.ActiveCfg = Debug|Any CPU
		{55D1BA3F-D919-4D80-A293-A3C8ED279838}.Debug|iPhoneSimulator.Build.0 = Debug|Any CPU
		{55D1BA3F-D919-4D80-A293-A3C8ED279838}.Debug|x64.ActiveCfg = Debug|Any CPU
		{55D1BA3F-D919-4D80-A293-A3C8ED279838}.Debug|x64.Build.0 = Debug|Any CPU
		{55D1BA3F-D919-4D80-A293-A3C8ED279838}.Debug|x86.ActiveCfg = Debug|Any CPU
		{55D1BA3F-D919-4D80-A293-A3C8ED279838}.Debug|x86.Build.0 = Debug|Any CPU
		{55D1BA3F-D919-4D80-A293-A3C8ED279838}.Release|Any CPU.ActiveCfg = Release|Any CPU
		{55D1BA3F-D919-4D80-A293-A3C8ED279838}.Release|Any CPU.Build.0 = Release|Any CPU
		{55D1BA3F-D919-4D80-A293-A3C8ED279838}.Release|ARM.ActiveCfg = Release|Any CPU
		{55D1BA3F-D919-4D80-A293-A3C8ED279838}.Release|ARM.Build.0 = Release|Any CPU
		{55D1BA3F-D919-4D80-A293-A3C8ED279838}.Release|iPhone.ActiveCfg = Release|Any CPU
		{55D1BA3F-D919-4D80-A293-A3C8ED279838}.Release|iPhone.Build.0 = Release|Any CPU
		{55D1BA3F-D919-4D80-A293-A3C8ED279838}.Release|iPhoneSimulator.ActiveCfg = Release|Any CPU
		{55D1BA3F-D919-4D80-A293-A3C8ED279838}.Release|iPhoneSimulator.Build.0 = Release|Any CPU
		{55D1BA3F-D919-4D80-A293-A3C8ED279838}.Release|x64.ActiveCfg = Release|Any CPU
		{55D1BA3F-D919-4D80-A293-A3C8ED279838}.Release|x64.Build.0 = Release|Any CPU
		{55D1BA3F-D919-4D80-A293-A3C8ED279838}.Release|x86.ActiveCfg = Release|Any CPU
		{55D1BA3F-D919-4D80-A293-A3C8ED279838}.Release|x86.Build.0 = Release|Any CPU
		{99E7325B-2AF9-472C-BB35-BAFEE4B60C59}.Ad-Hoc|Any CPU.ActiveCfg = Debug|Any CPU
		{99E7325B-2AF9-472C-BB35-BAFEE4B60C59}.Ad-Hoc|Any CPU.Build.0 = Debug|Any CPU
		{99E7325B-2AF9-472C-BB35-BAFEE4B60C59}.Ad-Hoc|ARM.ActiveCfg = Debug|Any CPU
		{99E7325B-2AF9-472C-BB35-BAFEE4B60C59}.Ad-Hoc|ARM.Build.0 = Debug|Any CPU
		{99E7325B-2AF9-472C-BB35-BAFEE4B60C59}.Ad-Hoc|iPhone.ActiveCfg = Debug|Any CPU
		{99E7325B-2AF9-472C-BB35-BAFEE4B60C59}.Ad-Hoc|iPhone.Build.0 = Debug|Any CPU
		{99E7325B-2AF9-472C-BB35-BAFEE4B60C59}.Ad-Hoc|iPhoneSimulator.ActiveCfg = Debug|Any CPU
		{99E7325B-2AF9-472C-BB35-BAFEE4B60C59}.Ad-Hoc|iPhoneSimulator.Build.0 = Debug|Any CPU
		{99E7325B-2AF9-472C-BB35-BAFEE4B60C59}.Ad-Hoc|x64.ActiveCfg = Debug|Any CPU
		{99E7325B-2AF9-472C-BB35-BAFEE4B60C59}.Ad-Hoc|x64.Build.0 = Debug|Any CPU
		{99E7325B-2AF9-472C-BB35-BAFEE4B60C59}.Ad-Hoc|x86.ActiveCfg = Debug|Any CPU
		{99E7325B-2AF9-472C-BB35-BAFEE4B60C59}.Ad-Hoc|x86.Build.0 = Debug|Any CPU
		{99E7325B-2AF9-472C-BB35-BAFEE4B60C59}.AppStore|Any CPU.ActiveCfg = Debug|Any CPU
		{99E7325B-2AF9-472C-BB35-BAFEE4B60C59}.AppStore|Any CPU.Build.0 = Debug|Any CPU
		{99E7325B-2AF9-472C-BB35-BAFEE4B60C59}.AppStore|ARM.ActiveCfg = Debug|Any CPU
		{99E7325B-2AF9-472C-BB35-BAFEE4B60C59}.AppStore|ARM.Build.0 = Debug|Any CPU
		{99E7325B-2AF9-472C-BB35-BAFEE4B60C59}.AppStore|iPhone.ActiveCfg = Debug|Any CPU
		{99E7325B-2AF9-472C-BB35-BAFEE4B60C59}.AppStore|iPhone.Build.0 = Debug|Any CPU
		{99E7325B-2AF9-472C-BB35-BAFEE4B60C59}.AppStore|iPhoneSimulator.ActiveCfg = Debug|Any CPU
		{99E7325B-2AF9-472C-BB35-BAFEE4B60C59}.AppStore|iPhoneSimulator.Build.0 = Debug|Any CPU
		{99E7325B-2AF9-472C-BB35-BAFEE4B60C59}.AppStore|x64.ActiveCfg = Debug|Any CPU
		{99E7325B-2AF9-472C-BB35-BAFEE4B60C59}.AppStore|x64.Build.0 = Debug|Any CPU
		{99E7325B-2AF9-472C-BB35-BAFEE4B60C59}.AppStore|x86.ActiveCfg = Debug|Any CPU
		{99E7325B-2AF9-472C-BB35-BAFEE4B60C59}.AppStore|x86.Build.0 = Debug|Any CPU
		{99E7325B-2AF9-472C-BB35-BAFEE4B60C59}.Debug|Any CPU.ActiveCfg = Debug|Any CPU
		{99E7325B-2AF9-472C-BB35-BAFEE4B60C59}.Debug|Any CPU.Build.0 = Debug|Any CPU
		{99E7325B-2AF9-472C-BB35-BAFEE4B60C59}.Debug|ARM.ActiveCfg = Debug|Any CPU
		{99E7325B-2AF9-472C-BB35-BAFEE4B60C59}.Debug|ARM.Build.0 = Debug|Any CPU
		{99E7325B-2AF9-472C-BB35-BAFEE4B60C59}.Debug|iPhone.ActiveCfg = Debug|Any CPU
		{99E7325B-2AF9-472C-BB35-BAFEE4B60C59}.Debug|iPhone.Build.0 = Debug|Any CPU
		{99E7325B-2AF9-472C-BB35-BAFEE4B60C59}.Debug|iPhoneSimulator.ActiveCfg = Debug|Any CPU
		{99E7325B-2AF9-472C-BB35-BAFEE4B60C59}.Debug|iPhoneSimulator.Build.0 = Debug|Any CPU
		{99E7325B-2AF9-472C-BB35-BAFEE4B60C59}.Debug|x64.ActiveCfg = Debug|Any CPU
		{99E7325B-2AF9-472C-BB35-BAFEE4B60C59}.Debug|x64.Build.0 = Debug|Any CPU
		{99E7325B-2AF9-472C-BB35-BAFEE4B60C59}.Debug|x86.ActiveCfg = Debug|Any CPU
		{99E7325B-2AF9-472C-BB35-BAFEE4B60C59}.Debug|x86.Build.0 = Debug|Any CPU
		{99E7325B-2AF9-472C-BB35-BAFEE4B60C59}.Release|Any CPU.ActiveCfg = Release|Any CPU
		{99E7325B-2AF9-472C-BB35-BAFEE4B60C59}.Release|Any CPU.Build.0 = Release|Any CPU
		{99E7325B-2AF9-472C-BB35-BAFEE4B60C59}.Release|ARM.ActiveCfg = Release|Any CPU
		{99E7325B-2AF9-472C-BB35-BAFEE4B60C59}.Release|ARM.Build.0 = Release|Any CPU
		{99E7325B-2AF9-472C-BB35-BAFEE4B60C59}.Release|iPhone.ActiveCfg = Release|Any CPU
		{99E7325B-2AF9-472C-BB35-BAFEE4B60C59}.Release|iPhone.Build.0 = Release|Any CPU
		{99E7325B-2AF9-472C-BB35-BAFEE4B60C59}.Release|iPhoneSimulator.ActiveCfg = Release|Any CPU
		{99E7325B-2AF9-472C-BB35-BAFEE4B60C59}.Release|iPhoneSimulator.Build.0 = Release|Any CPU
		{99E7325B-2AF9-472C-BB35-BAFEE4B60C59}.Release|x64.ActiveCfg = Release|Any CPU
		{99E7325B-2AF9-472C-BB35-BAFEE4B60C59}.Release|x64.Build.0 = Release|Any CPU
		{99E7325B-2AF9-472C-BB35-BAFEE4B60C59}.Release|x86.ActiveCfg = Release|Any CPU
		{99E7325B-2AF9-472C-BB35-BAFEE4B60C59}.Release|x86.Build.0 = Release|Any CPU
	EndGlobalSection
	GlobalSection(SolutionProperties) = preSolution
		HideSolutionNode = FALSE
	EndGlobalSection
	GlobalSection(ExtensibilityGlobals) = postSolution
		SolutionGuid = {55CF8760-98C7-4DFB-BCDA-D68773DDF16F}
	EndGlobalSection
EndGlobal
